
Microsoft Visual Studio Solution File, Format Version 12.00
# Visual Studio Version 17
VisualStudioVersion = 17.6.33829.357
MinimumVisualStudioVersion = 10.0.40219.1
Project("{FAE04EC0-301F-11D3-BF4B-00C04F79EFBC}") = "YTCourse", "YTCourse\YTCourse.csproj", "{BDE4EBAC-9696-44A6-986D-A4D8FAC75517}"
EndProject
Global
	GlobalSection(SolutionConfigurationPlatforms) = preSolution
		Debug|Any CPU = Debug|Any CPU
		Release|Any CPU = Release|Any CPU
	EndGlobalSection
	GlobalSection(ProjectConfigurationPlatforms) = postSolution
		{BDE4EBAC-9696-44A6-986D-A4D8FAC75517}.Debug|Any CPU.ActiveCfg = Debug|Any CPU
		{BDE4EBAC-9696-44A6-986D-A4D8FAC75517}.Debug|Any CPU.Build.0 = Debug|Any CPU
		{BDE4EBAC-9696-44A6-986D-A4D8FAC75517}.Release|Any CPU.ActiveCfg = Release|Any CPU
		{BDE4EBAC-9696-44A6-986D-A4D8FAC75517}.Release|Any CPU.Build.0 = Release|Any CPU
	EndGlobalSection
	GlobalSection(SolutionProperties) = preSolution
		HideSolutionNode = FALSE
	EndGlobalSection
	GlobalSection(ExtensibilityGlobals) = postSolution
		SolutionGuid = {2F862A35-ED72-4C59-9AE9-0AADDC5133C5}
	EndGlobalSection
EndGlobal
